
Microsoft Visual Studio Solution File, Format Version 12.00
# Visual Studio 2013
VisualStudioVersion = 12.0.31101.0
MinimumVisualStudioVersion = 10.0.40219.1
Project("{FAE04EC0-301F-11D3-BF4B-00C04F79EFBC}") = "TodoMVC", "TodoMVC\TodoMVC.csproj", "{C78C89D5-F19F-4A6C-A8CB-3101D77DEABA}"
EndProject
Global
	GlobalSection(SolutionConfigurationPlatforms) = preSolution
		Debug|Any CPU = Debug|Any CPU
		Release|Any CPU = Release|Any CPU
	EndGlobalSection
	GlobalSection(ProjectConfigurationPlatforms) = postSolution
		{C78C89D5-F19F-4A6C-A8CB-3101D77DEABA}.Debug|Any CPU.ActiveCfg = Debug|Any CPU
		{C78C89D5-F19F-4A6C-A8CB-3101D77DEABA}.Debug|Any CPU.Build.0 = Debug|Any CPU
		{C78C89D5-F19F-4A6C-A8CB-3101D77DEABA}.Release|Any CPU.ActiveCfg = Release|Any CPU
		{C78C89D5-F19F-4A6C-A8CB-3101D77DEABA}.Release|Any CPU.Build.0 = Release|Any CPU
	EndGlobalSection
	GlobalSection(SolutionProperties) = preSolution
		HideSolutionNode = FALSE
	EndGlobalSection
EndGlobal
